
Microsoft Visual Studio Solution File, Format Version 12.00
Project("{FAE04EC0-301F-11D3-BF4B-00C04F79EFBC}") = "Bsp03", "Bsp03\Bsp03.csproj", "{4ACBB163-9C8E-4711-9367-F29EFE10E71C}"
EndProject
Project("{FAE04EC0-301F-11D3-BF4B-00C04F79EFBC}") = "Bsp03.Tests", "Bsp03.Tests\Bsp03.Tests.csproj", "{60E11D15-9867-42B8-8973-36F3883D04EC}"
EndProject
Project("{FAE04EC0-301F-11D3-BF4B-00C04F79EFBC}") = "Bsp02", "Bsp02\Bsp02.csproj", "{CF3BFAC6-0BA6-4AF7-B7B2-CBED40517860}"
EndProject
Project("{FAE04EC0-301F-11D3-BF4B-00C04F79EFBC}") = "Bsp02.Tests", "Bsp02.Tests\Bsp02.Tests.csproj", "{4B07126B-6E9E-4DEB-A3C1-A20CE6D0D6E2}"
EndProject
Project("{FAE04EC0-301F-11D3-BF4B-00C04F79EFBC}") = "Bsp01", "Bsp01\Bsp01.csproj", "{B2541755-E975-4441-9BFD-BD4E220ECA92}"
EndProject
Project("{FAE04EC0-301F-11D3-BF4B-00C04F79EFBC}") = "Bsp01.Tests", "Bsp01.Tests\Bsp01.Tests.csproj", "{572216E2-3EA7-407A-B585-AC0EF823F6B8}"
EndProject
Global
	GlobalSection(SolutionConfigurationPlatforms) = preSolution
		Debug|Any CPU = Debug|Any CPU
		Release|Any CPU = Release|Any CPU
	EndGlobalSection
	GlobalSection(ProjectConfigurationPlatforms) = postSolution
		{4ACBB163-9C8E-4711-9367-F29EFE10E71C}.Debug|Any CPU.ActiveCfg = Debug|Any CPU
		{4ACBB163-9C8E-4711-9367-F29EFE10E71C}.Debug|Any CPU.Build.0 = Debug|Any CPU
		{4ACBB163-9C8E-4711-9367-F29EFE10E71C}.Release|Any CPU.ActiveCfg = Release|Any CPU
		{4ACBB163-9C8E-4711-9367-F29EFE10E71C}.Release|Any CPU.Build.0 = Release|Any CPU
		{60E11D15-9867-42B8-8973-36F3883D04EC}.Debug|Any CPU.ActiveCfg = Debug|Any CPU
		{60E11D15-9867-42B8-8973-36F3883D04EC}.Debug|Any CPU.Build.0 = Debug|Any CPU
		{60E11D15-9867-42B8-8973-36F3883D04EC}.Release|Any CPU.ActiveCfg = Release|Any CPU
		{60E11D15-9867-42B8-8973-36F3883D04EC}.Release|Any CPU.Build.0 = Release|Any CPU
		{CF3BFAC6-0BA6-4AF7-B7B2-CBED40517860}.Debug|Any CPU.ActiveCfg = Debug|Any CPU
		{CF3BFAC6-0BA6-4AF7-B7B2-CBED40517860}.Debug|Any CPU.Build.0 = Debug|Any CPU
		{CF3BFAC6-0BA6-4AF7-B7B2-CBED40517860}.Release|Any CPU.ActiveCfg = Release|Any CPU
		{CF3BFAC6-0BA6-4AF7-B7B2-CBED40517860}.Release|Any CPU.Build.0 = Release|Any CPU
		{4B07126B-6E9E-4DEB-A3C1-A20CE6D0D6E2}.Debug|Any CPU.ActiveCfg = Debug|Any CPU
		{4B07126B-6E9E-4DEB-A3C1-A20CE6D0D6E2}.Debug|Any CPU.Build.0 = Debug|Any CPU
		{4B07126B-6E9E-4DEB-A3C1-A20CE6D0D6E2}.Release|Any CPU.ActiveCfg = Release|Any CPU
		{4B07126B-6E9E-4DEB-A3C1-A20CE6D0D6E2}.Release|Any CPU.Build.0 = Release|Any CPU
		{B2541755-E975-4441-9BFD-BD4E220ECA92}.Debug|Any CPU.ActiveCfg = Debug|Any CPU
		{B2541755-E975-4441-9BFD-BD4E220ECA92}.Debug|Any CPU.Build.0 = Debug|Any CPU
		{B2541755-E975-4441-9BFD-BD4E220ECA92}.Release|Any CPU.ActiveCfg = Release|Any CPU
		{B2541755-E975-4441-9BFD-BD4E220ECA92}.Release|Any CPU.Build.0 = Release|Any CPU
		{572216E2-3EA7-407A-B585-AC0EF823F6B8}.Debug|Any CPU.ActiveCfg = Debug|Any CPU
		{572216E2-3EA7-407A-B585-AC0EF823F6B8}.Debug|Any CPU.Build.0 = Debug|Any CPU
		{572216E2-3EA7-407A-B585-AC0EF823F6B8}.Release|Any CPU.ActiveCfg = Release|Any CPU
		{572216E2-3EA7-407A-B585-AC0EF823F6B8}.Release|Any CPU.Build.0 = Release|Any CPU
	EndGlobalSection
EndGlobal
